
Microsoft Visual Studio Solution File, Format Version 12.00
# Visual Studio 15
VisualStudioVersion = 15.0.28307.1022
MinimumVisualStudioVersion = 10.0.40219.1
Project("{FAE04EC0-301F-11D3-BF4B-00C04F79EFBC}") = "TextEngine", "TextEngine\TextEngine.csproj", "{5273D01D-520B-4597-801E-A8327918A6EB}"
EndProject
Global
	GlobalSection(SolutionConfigurationPlatforms) = preSolution
		Debug|Any CPU = Debug|Any CPU
		Release|Any CPU = Release|Any CPU
	EndGlobalSection
	GlobalSection(ProjectConfigurationPlatforms) = postSolution
		{5273D01D-520B-4597-801E-A8327918A6EB}.Debug|Any CPU.ActiveCfg = Debug|Any CPU
		{5273D01D-520B-4597-801E-A8327918A6EB}.Debug|Any CPU.Build.0 = Debug|Any CPU
		{5273D01D-520B-4597-801E-A8327918A6EB}.Release|Any CPU.ActiveCfg = Release|Any CPU
		{5273D01D-520B-4597-801E-A8327918A6EB}.Release|Any CPU.Build.0 = Release|Any CPU
	EndGlobalSection
	GlobalSection(SolutionProperties) = preSolution
		HideSolutionNode = FALSE
	EndGlobalSection
	GlobalSection(ExtensibilityGlobals) = postSolution
		SolutionGuid = {3284AB91-F812-47A9-B175-3D6A21BB6DFD}
	EndGlobalSection
EndGlobal
